<?xml version="1.0" encoding="utf-8"?>
<Project ToolsVersion="4.0" xmlns="http://schemas.microsoft.com/developer/msbuild/2003">
  <ItemGroup>
    <Filter Include="Source Files">
      <UniqueIdentifier>{4FC737F1-C7A5-4376-A066-2A32D752A2FF}</UniqueIdentifier>
      <Extensions>cpp;c;cc;cxx;def;odl;idl;hpj;bat;asm;asmx</Extensions>
    </Filter>
    <Filter Include="Header Files">
      <UniqueIdentifier>{93995380-89BD-4b04-88EB-625FBE52EBFB}</UniqueIdentifier>
      <Extensions>h;hh;hpp;hxx;hm;inl;inc;xsd</Extensions>
    </Filter>
    <Filter Include="Resource Files">
      <UniqueIdentifier>{67DA6AB6-F800-4c08-8B7A-83BB121AAD01}</UniqueIdentifier>
      <Extensions>rc;ico;cur;bmp;dlg;rc2;rct;bin;rgs;gif;jpg;jpeg;jpe;resx;tiff;tif;png;wav</Extensions>
    </Filter>
  </ItemGroup>
  <ItemGroup>
    <ClCompile Include="Alarm.cpp">
      <Filter>Source Files</Filter>
    </ClCompile>
    <ClCompile Include="backupRecordService - hasAudio.cpp">
      <Filter>Source Files</Filter>
    </ClCompile>
    <ClCompile Include="backupRecordService 20180206添加打印音频帧信息.cpp">
      <Filter>Source Files</Filter>
    </ClCompile>
    <ClCompile Include="backupRecordService.cpp">
      <Filter>Source Files</Filter>
    </ClCompile>
    <ClCompile Include="backupRecordService备份.cpp">
      <Filter>Source Files</Filter>
    </ClCompile>
    <ClCompile Include="SocketUtil.cpp">
      <Filter>Source Files</Filter>
    </ClCompile>
    <ClCompile Include="SQL.cpp">
      <Filter>Source Files</Filter>
    </ClCompile>
    <ClCompile Include="ThreadPool.cpp">
      <Filter>Source Files</Filter>
    </ClCompile>
    <ClCompile Include="Util.cpp">
      <Filter>Source Files</Filter>
    </ClCompile>
    <ClCompile Include="mp4aac\convert.c">
      <Filter>Source Files</Filter>
    </ClCompile>
    <ClCompile Include="mp4aac\H264Parser.c">
      <Filter>Source Files</Filter>
    </ClCompile>
    <ClCompile Include="mp4aac\main.c">
      <Filter>Source Files</Filter>
    </ClCompile>
    <ClCompile Include="GoonBackup.cpp">
      <Filter>Source Files</Filter>
    </ClCompile>
    <ClCompile Include="BackupRecord.cpp">
      <Filter>Source Files</Filter>
    </ClCompile>
  </ItemGroup>
  <ItemGroup>
    <ClInclude Include="Alarm.hpp">
      <Filter>Header Files</Filter>
    </ClInclude>
    <ClInclude Include="BSFPDefined.hpp">
      <Filter>Header Files</Filter>
    </ClInclude>
    <ClInclude Include="SocketUtil.hpp">
      <Filter>Header Files</Filter>
    </ClInclude>
    <ClInclude Include="SQL.hpp">
      <Filter>Header Files</Filter>
    </ClInclude>
    <ClInclude Include="ThreadPool.hpp">
      <Filter>Header Files</Filter>
    </ClInclude>
    <ClInclude Include="Util.hpp">
      <Filter>Header Files</Filter>
    </ClInclude>
    <ClInclude Include="mp4aac\aacenc_lib.h">
      <Filter>Header Files</Filter>
    </ClInclude>
    <ClInclude Include="mp4aac\audio.h">
      <Filter>Header Files</Filter>
    </ClInclude>
    <ClInclude Include="mp4aac\cmdl_parser.h">
      <Filter>Header Files</Filter>
    </ClInclude>
    <ClInclude Include="mp4aac\convert.h">
      <Filter>Header Files</Filter>
    </ClInclude>
    <ClInclude Include="mp4aac\convert01.h">
      <Filter>Header Files</Filter>
    </ClInclude>
    <ClInclude Include="mp4aac\conv_string.h">
      <Filter>Header Files</Filter>
    </ClInclude>
    <ClInclude Include="mp4aac\FDK_audio.h">
      <Filter>Header Files</Filter>
    </ClInclude>
    <ClInclude Include="mp4aac\genericStds.h">
      <Filter>Header Files</Filter>
    </ClInclude>
    <ClInclude Include="mp4aac\machine_type.h">
      <Filter>Header Files</Filter>
    </ClInclude>
    <ClInclude Include="mp4aac\wav_file.h">
      <Filter>Header Files</Filter>
    </ClInclude>
    <ClInclude Include="mp4aac\BSFPDefined.hpp">
      <Filter>Header Files</Filter>
    </ClInclude>
    <ClInclude Include="mp4aac\include\fdk-aac\aacdecoder_lib.h">
      <Filter>Header Files</Filter>
    </ClInclude>
    <ClInclude Include="mp4aac\include\fdk-aac\aacenc_lib.h">
      <Filter>Header Files</Filter>
    </ClInclude>
    <ClInclude Include="mp4aac\include\fdk-aac\FDK_audio.h">
      <Filter>Header Files</Filter>
    </ClInclude>
    <ClInclude Include="mp4aac\include\fdk-aac\genericStds.h">
      <Filter>Header Files</Filter>
    </ClInclude>
    <ClInclude Include="mp4aac\include\fdk-aac\machine_type.h">
      <Filter>Header Files</Filter>
    </ClInclude>
    <ClInclude Include="mp4aac\include\mp4v2\chapter.h">
      <Filter>Header Files</Filter>
    </ClInclude>
    <ClInclude Include="mp4aac\include\mp4v2\file.h">
      <Filter>Header Files</Filter>
    </ClInclude>
    <ClInclude Include="mp4aac\include\mp4v2\file_prop.h">
      <Filter>Header Files</Filter>
    </ClInclude>
    <ClInclude Include="mp4aac\include\mp4v2\general.h">
      <Filter>Header Files</Filter>
    </ClInclude>
    <ClInclude Include="mp4aac\include\mp4v2\isma.h">
      <Filter>Header Files</Filter>
    </ClInclude>
    <ClInclude Include="mp4aac\include\mp4v2\itmf_generic.h">
      <Filter>Header Files</Filter>
    </ClInclude>
    <ClInclude Include="mp4aac\include\mp4v2\itmf_tags.h">
      <Filter>Header Files</Filter>
    </ClInclude>
    <ClInclude Include="mp4aac\include\mp4v2\mp4v2.h">
      <Filter>Header Files</Filter>
    </ClInclude>
    <ClInclude Include="mp4aac\include\mp4v2\platform.h">
      <Filter>Header Files</Filter>
    </ClInclude>
    <ClInclude Include="mp4aac\include\mp4v2\project.h">
      <Filter>Header Files</Filter>
    </ClInclude>
    <ClInclude Include="mp4aac\include\mp4v2\sample.h">
      <Filter>Header Files</Filter>
    </ClInclude>
    <ClInclude Include="mp4aac\include\mp4v2\streaming.h">
      <Filter>Header Files</Filter>
    </ClInclude>
    <ClInclude Include="mp4aac\include\mp4v2\track.h">
      <Filter>Header Files</Filter>
    </ClInclude>
    <ClInclude Include="mp4aac\include\mp4v2\track_prop.h">
      <Filter>Header Files</Filter>
    </ClInclude>
    <ClInclude Include="GoonBackup.h">
      <Filter>Header Files</Filter>
    </ClInclude>
    <ClInclude Include="BackupRecord.h">
      <Filter>Header Files</Filter>
    </ClInclude>
  </ItemGroup>
</Project>